
Microsoft Visual Studio Solution File, Format Version 12.00
# Visual Studio Version 17
VisualStudioVersion = 17.8.34511.84
MinimumVisualStudioVersion = 10.0.40219.1
Project("{FAE04EC0-301F-11D3-BF4B-00C04F79EFBC}") = "GorillaCraft", "GorillaCraft\GorillaCraft.csproj", "{B9DEA565-19B9-45B7-AA4C-793CFE2B231F}"
EndProject
Global
	GlobalSection(SolutionConfigurationPlatforms) = preSolution
		Debug|Any CPU = Debug|Any CPU
		Release|Any CPU = Release|Any CPU
	EndGlobalSection
	GlobalSection(ProjectConfigurationPlatforms) = postSolution
		{B9DEA565-19B9-45B7-AA4C-793CFE2B231F}.Debug|Any CPU.ActiveCfg = Debug|Any CPU
		{B9DEA565-19B9-45B7-AA4C-793CFE2B231F}.Debug|Any CPU.Build.0 = Debug|Any CPU
		{B9DEA565-19B9-45B7-AA4C-793CFE2B231F}.Release|Any CPU.ActiveCfg = Release|Any CPU
		{B9DEA565-19B9-45B7-AA4C-793CFE2B231F}.Release|Any CPU.Build.0 = Release|Any CPU
	EndGlobalSection
	GlobalSection(SolutionProperties) = preSolution
		HideSolutionNode = FALSE
	EndGlobalSection
	GlobalSection(ExtensibilityGlobals) = postSolution
		SolutionGuid = {038269C2-3654-45A4-A062-8CDC99DFAD6A}
	EndGlobalSection
EndGlobal
